
Microsoft Visual Studio Solution File, Format Version 12.00
# Visual Studio Version 17
VisualStudioVersion = 17.4.33110.190
MinimumVisualStudioVersion = 10.0.40219.1
Project("{FAE04EC0-301F-11D3-BF4B-00C04F79EFBC}") = "EntityDemo2", "EntityDemo2\EntityDemo2.csproj", "{906BD595-F411-4F81-ACB4-BF0869062A29}"
EndProject
Global
	GlobalSection(SolutionConfigurationPlatforms) = preSolution
		Debug|Any CPU = Debug|Any CPU
		Release|Any CPU = Release|Any CPU
	EndGlobalSection
	GlobalSection(ProjectConfigurationPlatforms) = postSolution
		{906BD595-F411-4F81-ACB4-BF0869062A29}.Debug|Any CPU.ActiveCfg = Debug|Any CPU
		{906BD595-F411-4F81-ACB4-BF0869062A29}.Debug|Any CPU.Build.0 = Debug|Any CPU
		{906BD595-F411-4F81-ACB4-BF0869062A29}.Release|Any CPU.ActiveCfg = Release|Any CPU
		{906BD595-F411-4F81-ACB4-BF0869062A29}.Release|Any CPU.Build.0 = Release|Any CPU
	EndGlobalSection
	GlobalSection(SolutionProperties) = preSolution
		HideSolutionNode = FALSE
	EndGlobalSection
	GlobalSection(ExtensibilityGlobals) = postSolution
		SolutionGuid = {1B2EC92C-6D3C-4860-BA98-6545D58F8693}
	EndGlobalSection
EndGlobal
