
Microsoft Visual Studio Solution File, Format Version 12.00
# Visual Studio Version 17
VisualStudioVersion = 17.4.33110.190
MinimumVisualStudioVersion = 10.0.40219.1
Project("{FAE04EC0-301F-11D3-BF4B-00C04F79EFBC}") = "BlobStorageDemo", "BlobStorageDemo\BlobStorageDemo.csproj", "{33797E14-F695-4548-BABB-3E691A4B4DF6}"
EndProject
Global
	GlobalSection(SolutionConfigurationPlatforms) = preSolution
		Debug|Any CPU = Debug|Any CPU
		Release|Any CPU = Release|Any CPU
	EndGlobalSection
	GlobalSection(ProjectConfigurationPlatforms) = postSolution
		{33797E14-F695-4548-BABB-3E691A4B4DF6}.Debug|Any CPU.ActiveCfg = Debug|Any CPU
		{33797E14-F695-4548-BABB-3E691A4B4DF6}.Debug|Any CPU.Build.0 = Debug|Any CPU
		{33797E14-F695-4548-BABB-3E691A4B4DF6}.Release|Any CPU.ActiveCfg = Release|Any CPU
		{33797E14-F695-4548-BABB-3E691A4B4DF6}.Release|Any CPU.Build.0 = Release|Any CPU
	EndGlobalSection
	GlobalSection(SolutionProperties) = preSolution
		HideSolutionNode = FALSE
	EndGlobalSection
	GlobalSection(ExtensibilityGlobals) = postSolution
		SolutionGuid = {DFB4D485-AD31-40B9-BC91-81837835C604}
	EndGlobalSection
EndGlobal
