
Microsoft Visual Studio Solution File, Format Version 12.00
# Visual Studio Version 17
VisualStudioVersion = 17.4.33110.190
MinimumVisualStudioVersion = 10.0.40219.1
Project("{FAE04EC0-301F-11D3-BF4B-00C04F79EFBC}") = "AspNetMvcFormSubmit", "AspNetMvcFormSubmit\AspNetMvcFormSubmit.csproj", "{26EE0C63-12FE-4EEA-87E3-C8E048D0B7BA}"
EndProject
Global
	GlobalSection(SolutionConfigurationPlatforms) = preSolution
		Debug|Any CPU = Debug|Any CPU
		Release|Any CPU = Release|Any CPU
	EndGlobalSection
	GlobalSection(ProjectConfigurationPlatforms) = postSolution
		{26EE0C63-12FE-4EEA-87E3-C8E048D0B7BA}.Debug|Any CPU.ActiveCfg = Debug|Any CPU
		{26EE0C63-12FE-4EEA-87E3-C8E048D0B7BA}.Debug|Any CPU.Build.0 = Debug|Any CPU
		{26EE0C63-12FE-4EEA-87E3-C8E048D0B7BA}.Release|Any CPU.ActiveCfg = Release|Any CPU
		{26EE0C63-12FE-4EEA-87E3-C8E048D0B7BA}.Release|Any CPU.Build.0 = Release|Any CPU
	EndGlobalSection
	GlobalSection(SolutionProperties) = preSolution
		HideSolutionNode = FALSE
	EndGlobalSection
	GlobalSection(ExtensibilityGlobals) = postSolution
		SolutionGuid = {0C630058-ABE5-4E34-8CDF-43734D450C53}
	EndGlobalSection
EndGlobal
